
Microsoft Visual Studio Solution File, Format Version 12.00
# Visual Studio 14
VisualStudioVersion = 14.0.25420.1
MinimumVisualStudioVersion = 10.0.40219.1
Project("{FAE04EC0-301F-11D3-BF4B-00C04F79EFBC}") = "01-HelloWorldWindowsFormsCS", "01-HelloWorldWindowsFormsVB\01-HelloWorldWindowsFormsCS.csproj", "{34ECEAF1-113F-4F2E-BA62-95637A18B561}"
EndProject
Project("{F184B08F-C81C-45F6-A57F-5ABD9991F28F}") = "01-HelloWorldWindowsFormsVB", "..\01-HelloWorldWindowsFormsVB\01-HelloWorldWindowsFormsVB.vbproj", "{00756DEB-36A8-4CFB-BBE8-538962026A00}"
EndProject
Global
	GlobalSection(SolutionConfigurationPlatforms) = preSolution
		Debug|Any CPU = Debug|Any CPU
		Release|Any CPU = Release|Any CPU
	EndGlobalSection
	GlobalSection(ProjectConfigurationPlatforms) = postSolution
		{34ECEAF1-113F-4F2E-BA62-95637A18B561}.Debug|Any CPU.ActiveCfg = Debug|Any CPU
		{34ECEAF1-113F-4F2E-BA62-95637A18B561}.Debug|Any CPU.Build.0 = Debug|Any CPU
		{34ECEAF1-113F-4F2E-BA62-95637A18B561}.Release|Any CPU.ActiveCfg = Release|Any CPU
		{34ECEAF1-113F-4F2E-BA62-95637A18B561}.Release|Any CPU.Build.0 = Release|Any CPU
		{00756DEB-36A8-4CFB-BBE8-538962026A00}.Debug|Any CPU.ActiveCfg = Debug|Any CPU
		{00756DEB-36A8-4CFB-BBE8-538962026A00}.Debug|Any CPU.Build.0 = Debug|Any CPU
		{00756DEB-36A8-4CFB-BBE8-538962026A00}.Release|Any CPU.ActiveCfg = Release|Any CPU
		{00756DEB-36A8-4CFB-BBE8-538962026A00}.Release|Any CPU.Build.0 = Release|Any CPU
	EndGlobalSection
	GlobalSection(SolutionProperties) = preSolution
		HideSolutionNode = FALSE
	EndGlobalSection
EndGlobal
