
Microsoft Visual Studio Solution File, Format Version 12.00
# Visual Studio 15
VisualStudioVersion = 15.0.27004.2010
MinimumVisualStudioVersion = 10.0.40219.1
Project("{FAE04EC0-301F-11D3-BF4B-00C04F79EFBC}") = "23-Styles-UWP", "23-Styles-UWP\23-Styles-UWP.csproj", "{96DD1DD0-CB15-423D-A420-ED8248F9C76B}"
EndProject
Global
	GlobalSection(SolutionConfigurationPlatforms) = preSolution
		Debug|ARM = Debug|ARM
		Debug|x64 = Debug|x64
		Debug|x86 = Debug|x86
		Release|ARM = Release|ARM
		Release|x64 = Release|x64
		Release|x86 = Release|x86
	EndGlobalSection
	GlobalSection(ProjectConfigurationPlatforms) = postSolution
		{96DD1DD0-CB15-423D-A420-ED8248F9C76B}.Debug|ARM.ActiveCfg = Debug|ARM
		{96DD1DD0-CB15-423D-A420-ED8248F9C76B}.Debug|ARM.Build.0 = Debug|ARM
		{96DD1DD0-CB15-423D-A420-ED8248F9C76B}.Debug|ARM.Deploy.0 = Debug|ARM
		{96DD1DD0-CB15-423D-A420-ED8248F9C76B}.Debug|x64.ActiveCfg = Debug|x64
		{96DD1DD0-CB15-423D-A420-ED8248F9C76B}.Debug|x64.Build.0 = Debug|x64
		{96DD1DD0-CB15-423D-A420-ED8248F9C76B}.Debug|x64.Deploy.0 = Debug|x64
		{96DD1DD0-CB15-423D-A420-ED8248F9C76B}.Debug|x86.ActiveCfg = Debug|x86
		{96DD1DD0-CB15-423D-A420-ED8248F9C76B}.Debug|x86.Build.0 = Debug|x86
		{96DD1DD0-CB15-423D-A420-ED8248F9C76B}.Debug|x86.Deploy.0 = Debug|x86
		{96DD1DD0-CB15-423D-A420-ED8248F9C76B}.Release|ARM.ActiveCfg = Release|ARM
		{96DD1DD0-CB15-423D-A420-ED8248F9C76B}.Release|ARM.Build.0 = Release|ARM
		{96DD1DD0-CB15-423D-A420-ED8248F9C76B}.Release|ARM.Deploy.0 = Release|ARM
		{96DD1DD0-CB15-423D-A420-ED8248F9C76B}.Release|x64.ActiveCfg = Release|x64
		{96DD1DD0-CB15-423D-A420-ED8248F9C76B}.Release|x64.Build.0 = Release|x64
		{96DD1DD0-CB15-423D-A420-ED8248F9C76B}.Release|x64.Deploy.0 = Release|x64
		{96DD1DD0-CB15-423D-A420-ED8248F9C76B}.Release|x86.ActiveCfg = Release|x86
		{96DD1DD0-CB15-423D-A420-ED8248F9C76B}.Release|x86.Build.0 = Release|x86
		{96DD1DD0-CB15-423D-A420-ED8248F9C76B}.Release|x86.Deploy.0 = Release|x86
	EndGlobalSection
	GlobalSection(SolutionProperties) = preSolution
		HideSolutionNode = FALSE
	EndGlobalSection
	GlobalSection(ExtensibilityGlobals) = postSolution
		SolutionGuid = {A3D444B4-59FB-457C-9952-01C5FC65EE3C}
	EndGlobalSection
EndGlobal
