
Microsoft Visual Studio Solution File, Format Version 12.00
# Visual Studio 15
VisualStudioVersion = 15.0.27004.2010
MinimumVisualStudioVersion = 10.0.40219.1
Project("{E24C65DC-7377-472B-9ABA-BC803B73C61A}") = "12-AJAX", "..\..\..\Sistemas de gestión empresarial\Repositorio\12-AJAX\", "{15FAFC8D-DDF3-4749-B213-EC8BD321B30E}"
	ProjectSection(WebsiteProperties) = preProject
		TargetFrameworkMoniker = ".NETFramework,Version%3Dv4.6.1"
		Debug.AspNetCompiler.VirtualPath = "/localhost_50821"
		Debug.AspNetCompiler.PhysicalPath = "..\..\..\Sistemas de gestión empresarial\Repositorio\12-AJAX\"
		Debug.AspNetCompiler.TargetPath = "PrecompiledWeb\localhost_50821\"
		Debug.AspNetCompiler.Updateable = "true"
		Debug.AspNetCompiler.ForceOverwrite = "true"
		Debug.AspNetCompiler.FixedNames = "false"
		Debug.AspNetCompiler.Debug = "True"
		Release.AspNetCompiler.VirtualPath = "/localhost_50821"
		Release.AspNetCompiler.PhysicalPath = "..\..\..\Sistemas de gestión empresarial\Repositorio\12-AJAX\"
		Release.AspNetCompiler.TargetPath = "PrecompiledWeb\localhost_50821\"
		Release.AspNetCompiler.Updateable = "true"
		Release.AspNetCompiler.ForceOverwrite = "true"
		Release.AspNetCompiler.FixedNames = "false"
		Release.AspNetCompiler.Debug = "False"
		VWDPort = "50821"
		SlnRelativePath = "..\..\..\Sistemas de gestión empresarial\Repositorio\12-AJAX\"
		DefaultWebSiteLanguage = "Visual C#"
	EndProjectSection
EndProject
Global
	GlobalSection(SolutionConfigurationPlatforms) = preSolution
		Debug|Any CPU = Debug|Any CPU
	EndGlobalSection
	GlobalSection(ProjectConfigurationPlatforms) = postSolution
		{15FAFC8D-DDF3-4749-B213-EC8BD321B30E}.Debug|Any CPU.ActiveCfg = Debug|Any CPU
		{15FAFC8D-DDF3-4749-B213-EC8BD321B30E}.Debug|Any CPU.Build.0 = Debug|Any CPU
	EndGlobalSection
	GlobalSection(SolutionProperties) = preSolution
		HideSolutionNode = FALSE
	EndGlobalSection
	GlobalSection(ExtensibilityGlobals) = postSolution
		SolutionGuid = {BB5989BA-96CE-43F3-BC6A-C6DB9780E9CC}
	EndGlobalSection
EndGlobal
