
Microsoft Visual Studio Solution File, Format Version 12.00
# Visual Studio 15
VisualStudioVersion = 15.0.26730.16
MinimumVisualStudioVersion = 10.0.40219.1
Project("{FAE04EC0-301F-11D3-BF4B-00C04F79EFBC}") = "06-EjercicioQuery-ASP", "06-EjercicioQuery-ASP\06-EjercicioQuery-ASP.csproj", "{B307DA8C-293D-4A49-A801-6F109569FFDD}"
EndProject
Global
	GlobalSection(SolutionConfigurationPlatforms) = preSolution
		Debug|Any CPU = Debug|Any CPU
		Release|Any CPU = Release|Any CPU
	EndGlobalSection
	GlobalSection(ProjectConfigurationPlatforms) = postSolution
		{B307DA8C-293D-4A49-A801-6F109569FFDD}.Debug|Any CPU.ActiveCfg = Debug|Any CPU
		{B307DA8C-293D-4A49-A801-6F109569FFDD}.Debug|Any CPU.Build.0 = Debug|Any CPU
		{B307DA8C-293D-4A49-A801-6F109569FFDD}.Release|Any CPU.ActiveCfg = Release|Any CPU
		{B307DA8C-293D-4A49-A801-6F109569FFDD}.Release|Any CPU.Build.0 = Release|Any CPU
	EndGlobalSection
	GlobalSection(SolutionProperties) = preSolution
		HideSolutionNode = FALSE
	EndGlobalSection
	GlobalSection(ExtensibilityGlobals) = postSolution
		SolutionGuid = {23F636FC-9B5F-4236-A712-F2FEF66F2775}
	EndGlobalSection
EndGlobal
