
Microsoft Visual Studio Solution File, Format Version 12.00
# Blend for Visual Studio 14
VisualStudioVersion = 14.0.25420.1
MinimumVisualStudioVersion = 10.0.40219.1
Project("{FAE04EC0-301F-11D3-BF4B-00C04F79EFBC}") = "EjercicioXaml", "EjercicioXaml\EjercicioXaml.csproj", "{278DC25D-61DC-40A0-8254-C0EF8CD447FD}"
EndProject
Global
	GlobalSection(SolutionConfigurationPlatforms) = preSolution
		Debug|ARM = Debug|ARM
		Debug|x64 = Debug|x64
		Debug|x86 = Debug|x86
		Release|ARM = Release|ARM
		Release|x64 = Release|x64
		Release|x86 = Release|x86
	EndGlobalSection
	GlobalSection(ProjectConfigurationPlatforms) = postSolution
		{278DC25D-61DC-40A0-8254-C0EF8CD447FD}.Debug|ARM.ActiveCfg = Debug|ARM
		{278DC25D-61DC-40A0-8254-C0EF8CD447FD}.Debug|ARM.Build.0 = Debug|ARM
		{278DC25D-61DC-40A0-8254-C0EF8CD447FD}.Debug|ARM.Deploy.0 = Debug|ARM
		{278DC25D-61DC-40A0-8254-C0EF8CD447FD}.Debug|x64.ActiveCfg = Debug|x64
		{278DC25D-61DC-40A0-8254-C0EF8CD447FD}.Debug|x64.Build.0 = Debug|x64
		{278DC25D-61DC-40A0-8254-C0EF8CD447FD}.Debug|x64.Deploy.0 = Debug|x64
		{278DC25D-61DC-40A0-8254-C0EF8CD447FD}.Debug|x86.ActiveCfg = Debug|x86
		{278DC25D-61DC-40A0-8254-C0EF8CD447FD}.Debug|x86.Build.0 = Debug|x86
		{278DC25D-61DC-40A0-8254-C0EF8CD447FD}.Debug|x86.Deploy.0 = Debug|x86
		{278DC25D-61DC-40A0-8254-C0EF8CD447FD}.Release|ARM.ActiveCfg = Release|ARM
		{278DC25D-61DC-40A0-8254-C0EF8CD447FD}.Release|ARM.Build.0 = Release|ARM
		{278DC25D-61DC-40A0-8254-C0EF8CD447FD}.Release|ARM.Deploy.0 = Release|ARM
		{278DC25D-61DC-40A0-8254-C0EF8CD447FD}.Release|x64.ActiveCfg = Release|x64
		{278DC25D-61DC-40A0-8254-C0EF8CD447FD}.Release|x64.Build.0 = Release|x64
		{278DC25D-61DC-40A0-8254-C0EF8CD447FD}.Release|x64.Deploy.0 = Release|x64
		{278DC25D-61DC-40A0-8254-C0EF8CD447FD}.Release|x86.ActiveCfg = Release|x86
		{278DC25D-61DC-40A0-8254-C0EF8CD447FD}.Release|x86.Build.0 = Release|x86
		{278DC25D-61DC-40A0-8254-C0EF8CD447FD}.Release|x86.Deploy.0 = Release|x86
	EndGlobalSection
	GlobalSection(SolutionProperties) = preSolution
		HideSolutionNode = FALSE
	EndGlobalSection
EndGlobal
